// !$*UTF8*$!
{
	archiveVersion = 1;
	classes = {
	};
	objectVersion = 52;
	objects = {

/* Begin PBXBuildFile section */
		A277D64C242D018900FEFFA6 /* CalculatorViewModel.swift in Sources */ = {isa = PBXBuildFile; fileRef = A277D64B242D018900FEFFA6 /* CalculatorViewModel.swift */; };
		A277D64E242D01B100FEFFA6 /* CalculatorView.swift in Sources */ = {isa = PBXBuildFile; fileRef = A277D64D242D01B100FEFFA6 /* CalculatorView.swift */; };
		A277D654242D01FD00FEFFA6 /* CalculatorButtonsRow.swift in Sources */ = {isa = PBXBuildFile; fileRef = A277D653242D01FD00FEFFA6 /* CalculatorButtonsRow.swift */; };
		A277D656242D021500FEFFA6 /* CalculatorButtonModel.swift in Sources */ = {isa = PBXBuildFile; fileRef = A277D655242D021500FEFFA6 /* CalculatorButtonModel.swift */; };
		A277D658242D0EDC00FEFFA6 /* Extensions.swift in Sources */ = {isa = PBXBuildFile; fileRef = A277D657242D0EDC00FEFFA6 /* Extensions.swift */; };
		A277D65E242D130B00FEFFA6 /* ViewInspector in Frameworks */ = {isa = PBXBuildFile; productRef = A277D65D242D130B00FEFFA6 /* ViewInspector */; };
		A2BA8E30242B55FC00B0902A /* AppDelegate.swift in Sources */ = {isa = PBXBuildFile; fileRef = A2BA8E2F242B55FC00B0902A /* AppDelegate.swift */; };
		A2BA8E32242B55FC00B0902A /* SceneDelegate.swift in Sources */ = {isa = PBXBuildFile; fileRef = A2BA8E31242B55FC00B0902A /* SceneDelegate.swift */; };
		A2BA8E36242B560000B0902A /* Assets.xcassets in Resources */ = {isa = PBXBuildFile; fileRef = A2BA8E35242B560000B0902A /* Assets.xcassets */; };
		A2BA8E39242B560000B0902A /* Preview Assets.xcassets in Resources */ = {isa = PBXBuildFile; fileRef = A2BA8E38242B560000B0902A /* Preview Assets.xcassets */; };
		A2BA8E3C242B560000B0902A /* LaunchScreen.storyboard in Resources */ = {isa = PBXBuildFile; fileRef = A2BA8E3A242B560000B0902A /* LaunchScreen.storyboard */; };
		A2BA8E47242B560000B0902A /* CalculatorTests.swift in Sources */ = {isa = PBXBuildFile; fileRef = A2BA8E46242B560000B0902A /* CalculatorTests.swift */; };
		A2BA8E52242B560000B0902A /* CalculatorUITests.swift in Sources */ = {isa = PBXBuildFile; fileRef = A2BA8E51242B560000B0902A /* CalculatorUITests.swift */; };
/* End PBXBuildFile section */

/* Begin PBXContainerItemProxy section */
		A2BA8E43242B560000B0902A /* PBXContainerItemProxy */ = {
			isa = PBXContainerItemProxy;
			containerPortal = A2BA8E24242B55FC00B0902A /* Project object */;
			proxyType = 1;
			remoteGlobalIDString = A2BA8E2B242B55FC00B0902A;
			remoteInfo = Calculator;
		};
		A2BA8E4E242B560000B0902A /* PBXContainerItemProxy */ = {
			isa = PBXContainerItemProxy;
			containerPortal = A2BA8E24242B55FC00B0902A /* Project object */;
			proxyType = 1;
			remoteGlobalIDString = A2BA8E2B242B55FC00B0902A;
			remoteInfo = Calculator;
		};
/* End PBXContainerItemProxy section */

/* Begin PBXFileReference section */
		A277D64B242D018900FEFFA6 /* CalculatorViewModel.swift */ = {isa = PBXFileReference; lastKnownFileType = sourcecode.swift; path = CalculatorViewModel.swift; sourceTree = "<group>"; };
		A277D64D242D01B100FEFFA6 /* CalculatorView.swift */ = {isa = PBXFileReference; lastKnownFileType = sourcecode.swift; path = CalculatorView.swift; sourceTree = "<group>"; };
		A277D653242D01FD00FEFFA6 /* CalculatorButtonsRow.swift */ = {isa = PBXFileReference; lastKnownFileType = sourcecode.swift; path = CalculatorButtonsRow.swift; sourceTree = "<group>"; };
		A277D655242D021500FEFFA6 /* CalculatorButtonModel.swift */ = {isa = PBXFileReference; lastKnownFileType = sourcecode.swift; path = CalculatorButtonModel.swift; sourceTree = "<group>"; };
		A277D657242D0EDC00FEFFA6 /* Extensions.swift */ = {isa = PBXFileReference; lastKnownFileType = sourcecode.swift; path = Extensions.swift; sourceTree = "<group>"; };
		A2BA8E2C242B55FC00B0902A /* Calculator.app */ = {isa = PBXFileReference; explicitFileType = wrapper.application; includeInIndex = 0; path = Calculator.app; sourceTree = BUILT_PRODUCTS_DIR; };
		A2BA8E2F242B55FC00B0902A /* AppDelegate.swift */ = {isa = PBXFileReference; lastKnownFileType = sourcecode.swift; path = AppDelegate.swift; sourceTree = "<group>"; };
		A2BA8E31242B55FC00B0902A /* SceneDelegate.swift */ = {isa = PBXFileReference; lastKnownFileType = sourcecode.swift; path = SceneDelegate.swift; sourceTree = "<group>"; };
		A2BA8E35242B560000B0902A /* Assets.xcassets */ = {isa = PBXFileReference; lastKnownFileType = folder.assetcatalog; path = Assets.xcassets; sourceTree = "<group>"; };
		A2BA8E38242B560000B0902A /* Preview Assets.xcassets */ = {isa = PBXFileReference; lastKnownFileType = folder.assetcatalog; path = "Preview Assets.xcassets"; sourceTree = "<group>"; };
		A2BA8E3B242B560000B0902A /* Base */ = {isa = PBXFileReference; lastKnownFileType = file.storyboard; name = Base; path = Base.lproj/LaunchScreen.storyboard; sourceTree = "<group>"; };
		A2BA8E3D242B560000B0902A /* Info.plist */ = {isa = PBXFileReference; lastKnownFileType = text.plist.xml; path = Info.plist; sourceTree = "<group>"; };
		A2BA8E42242B560000B0902A /* CalculatorTests.xctest */ = {isa = PBXFileReference; explicitFileType = wrapper.cfbundle; includeInIndex = 0; path = CalculatorTests.xctest; sourceTree = BUILT_PRODUCTS_DIR; };
		A2BA8E46242B560000B0902A /* CalculatorTests.swift */ = {isa = PBXFileReference; lastKnownFileType = sourcecode.swift; path = CalculatorTests.swift; sourceTree = "<group>"; };
		A2BA8E48242B560000B0902A /* Info.plist */ = {isa = PBXFileReference; lastKnownFileType = text.plist.xml; path = Info.plist; sourceTree = "<group>"; };
		A2BA8E4D242B560000B0902A /* CalculatorUITests.xctest */ = {isa = PBXFileReference; explicitFileType = wrapper.cfbundle; includeInIndex = 0; path = CalculatorUITests.xctest; sourceTree = BUILT_PRODUCTS_DIR; };
		A2BA8E51242B560000B0902A /* CalculatorUITests.swift */ = {isa = PBXFileReference; lastKnownFileType = sourcecode.swift; path = CalculatorUITests.swift; sourceTree = "<group>"; };
		A2BA8E53242B560000B0902A /* Info.plist */ = {isa = PBXFileReference; lastKnownFileType = text.plist.xml; path = Info.plist; sourceTree = "<group>"; };
/* End PBXFileReference section */

/* Begin PBXFrameworksBuildPhase section */
		A2BA8E29242B55FC00B0902A /* Frameworks */ = {
			isa = PBXFrameworksBuildPhase;
			buildActionMask = 2147483647;
			files = (
			);
			runOnlyForDeploymentPostprocessing = 0;
		};
		A2BA8E3F242B560000B0902A /* Frameworks */ = {
			isa = PBXFrameworksBuildPhase;
			buildActionMask = 2147483647;
			files = (
				A277D65E242D130B00FEFFA6 /* ViewInspector in Frameworks */,
			);
			runOnlyForDeploymentPostprocessing = 0;
		};
		A2BA8E4A242B560000B0902A /* Frameworks */ = {
			isa = PBXFrameworksBuildPhase;
			buildActionMask = 2147483647;
			files = (
			);
			runOnlyForDeploymentPostprocessing = 0;
		};
/* End PBXFrameworksBuildPhase section */

/* Begin PBXGroup section */
		A277D647242D00CC00FEFFA6 /* Supporting files */ = {
			isa = PBXGroup;
			children = (
				A277D657242D0EDC00FEFFA6 /* Extensions.swift */,
				A2BA8E2F242B55FC00B0902A /* AppDelegate.swift */,
				A2BA8E31242B55FC00B0902A /* SceneDelegate.swift */,
				A2BA8E35242B560000B0902A /* Assets.xcassets */,
				A2BA8E3A242B560000B0902A /* LaunchScreen.storyboard */,
			);
			path = "Supporting files";
			sourceTree = "<group>";
		};
		A277D648242D014700FEFFA6 /* ViewModel */ = {
			isa = PBXGroup;
			children = (
				A277D64B242D018900FEFFA6 /* CalculatorViewModel.swift */,
			);
			path = ViewModel;
			sourceTree = "<group>";
		};
		A277D649242D015300FEFFA6 /* View */ = {
			isa = PBXGroup;
			children = (
				A277D64D242D01B100FEFFA6 /* CalculatorView.swift */,
				A277D653242D01FD00FEFFA6 /* CalculatorButtonsRow.swift */,
			);
			path = View;
			sourceTree = "<group>";
		};
		A277D64A242D015900FEFFA6 /* Model */ = {
			isa = PBXGroup;
			children = (
				A277D655242D021500FEFFA6 /* CalculatorButtonModel.swift */,
			);
			path = Model;
			sourceTree = "<group>";
		};
		A2BA8E23242B55FC00B0902A = {
			isa = PBXGroup;
			children = (
				A2BA8E2E242B55FC00B0902A /* Calculator */,
				A2BA8E45242B560000B0902A /* CalculatorTests */,
				A2BA8E50242B560000B0902A /* CalculatorUITests */,
				A2BA8E2D242B55FC00B0902A /* Products */,
			);
			sourceTree = "<group>";
		};
		A2BA8E2D242B55FC00B0902A /* Products */ = {
			isa = PBXGroup;
			children = (
				A2BA8E2C242B55FC00B0902A /* Calculator.app */,
				A2BA8E42242B560000B0902A /* CalculatorTests.xctest */,
				A2BA8E4D242B560000B0902A /* CalculatorUITests.xctest */,
			);
			name = Products;
			sourceTree = "<group>";
		};
		A2BA8E2E242B55FC00B0902A /* Calculator */ = {
			isa = PBXGroup;
			children = (
				A277D64A242D015900FEFFA6 /* Model */,
				A277D649242D015300FEFFA6 /* View */,
				A277D648242D014700FEFFA6 /* ViewModel */,
				A277D647242D00CC00FEFFA6 /* Supporting files */,
				A2BA8E3D242B560000B0902A /* Info.plist */,
				A2BA8E37242B560000B0902A /* Preview Content */,
			);
			path = Calculator;
			sourceTree = "<group>";
		};
		A2BA8E37242B560000B0902A /* Preview Content */ = {
			isa = PBXGroup;
			children = (
				A2BA8E38242B560000B0902A /* Preview Assets.xcassets */,
			);
			path = "Preview Content";
			sourceTree = "<group>";
		};
		A2BA8E45242B560000B0902A /* CalculatorTests */ = {
			isa = PBXGroup;
			children = (
				A2BA8E46242B560000B0902A /* CalculatorTests.swift */,
				A2BA8E48242B560000B0902A /* Info.plist */,
			);
			path = CalculatorTests;
			sourceTree = "<group>";
		};
		A2BA8E50242B560000B0902A /* CalculatorUITests */ = {
			isa = PBXGroup;
			children = (
				A2BA8E51242B560000B0902A /* CalculatorUITests.swift */,
				A2BA8E53242B560000B0902A /* Info.plist */,
			);
			path = CalculatorUITests;
			sourceTree = "<group>";
		};
/* End PBXGroup section */

/* Begin PBXNativeTarget section */
		A2BA8E2B242B55FC00B0902A /* Calculator */ = {
			isa = PBXNativeTarget;
			buildConfigurationList = A2BA8E56242B560000B0902A /* Build configuration list for PBXNativeTarget "Calculator" */;
			buildPhases = (
				A2BA8E28242B55FC00B0902A /* Sources */,
				A2BA8E29242B55FC00B0902A /* Frameworks */,
				A2BA8E2A242B55FC00B0902A /* Resources */,
			);
			buildRules = (
			);
			dependencies = (
			);
			name = Calculator;
			packageProductDependencies = (
			);
			productName = Calculator;
			productReference = A2BA8E2C242B55FC00B0902A /* Calculator.app */;
			productType = "com.apple.product-type.application";
		};
		A2BA8E41242B560000B0902A /* CalculatorTests */ = {
			isa = PBXNativeTarget;
			buildConfigurationList = A2BA8E59242B560000B0902A /* Build configuration list for PBXNativeTarget "CalculatorTests" */;
			buildPhases = (
				A2BA8E3E242B560000B0902A /* Sources */,
				A2BA8E3F242B560000B0902A /* Frameworks */,
				A2BA8E40242B560000B0902A /* Resources */,
			);
			buildRules = (
			);
			dependencies = (
				A2BA8E44242B560000B0902A /* PBXTargetDependency */,
			);
			name = CalculatorTests;
			packageProductDependencies = (
				A277D65D242D130B00FEFFA6 /* ViewInspector */,
			);
			productName = CalculatorTests;
			productReference = A2BA8E42242B560000B0902A /* CalculatorTests.xctest */;
			productType = "com.apple.product-type.bundle.unit-test";
		};
		A2BA8E4C242B560000B0902A /* CalculatorUITests */ = {
			isa = PBXNativeTarget;
			buildConfigurationList = A2BA8E5C242B560000B0902A /* Build configuration list for PBXNativeTarget "CalculatorUITests" */;
			buildPhases = (
				A2BA8E49242B560000B0902A /* Sources */,
				A2BA8E4A242B560000B0902A /* Frameworks */,
				A2BA8E4B242B560000B0902A /* Resources */,
			);
			buildRules = (
			);
			dependencies = (
				A2BA8E4F242B560000B0902A /* PBXTargetDependency */,
			);
			name = CalculatorUITests;
			productName = CalculatorUITests;
			productReference = A2BA8E4D242B560000B0902A /* CalculatorUITests.xctest */;
			productType = "com.apple.product-type.bundle.ui-testing";
		};
/* End PBXNativeTarget section */

/* Begin PBXProject section */
		A2BA8E24242B55FC00B0902A /* Project object */ = {
			isa = PBXProject;
			attributes = {
				LastSwiftUpdateCheck = 1130;
				LastUpgradeCheck = 1130;
				ORGANIZATIONNAME = "Alexander Litvinov";
				TargetAttributes = {
					A2BA8E2B242B55FC00B0902A = {
						CreatedOnToolsVersion = 11.3.1;
					};
					A2BA8E41242B560000B0902A = {
						CreatedOnToolsVersion = 11.3.1;
						TestTargetID = A2BA8E2B242B55FC00B0902A;
					};
					A2BA8E4C242B560000B0902A = {
						CreatedOnToolsVersion = 11.3.1;
						TestTargetID = A2BA8E2B242B55FC00B0902A;
					};
				};
			};
			buildConfigurationList = A2BA8E27242B55FC00B0902A /* Build configuration list for PBXProject "Calculator" */;
			compatibilityVersion = "Xcode 9.3";
			developmentRegion = en;
			hasScannedForEncodings = 0;
			knownRegions = (
				en,
				Base,
			);
			mainGroup = A2BA8E23242B55FC00B0902A;
			packageReferences = (
				A277D65C242D130B00FEFFA6 /* XCRemoteSwiftPackageReference "ViewInspector" */,
			);
			productRefGroup = A2BA8E2D242B55FC00B0902A /* Products */;
			projectDirPath = "";
			projectRoot = "";
			targets = (
				A2BA8E2B242B55FC00B0902A /* Calculator */,
				A2BA8E41242B560000B0902A /* CalculatorTests */,
				A2BA8E4C242B560000B0902A /* CalculatorUITests */,
			);
		};
/* End PBXProject section */

/* Begin PBXResourcesBuildPhase section */
		A2BA8E2A242B55FC00B0902A /* Resources */ = {
			isa = PBXResourcesBuildPhase;
			buildActionMask = 2147483647;
			files = (
				A2BA8E3C242B560000B0902A /* LaunchScreen.storyboard in Resources */,
				A2BA8E39242B560000B0902A /* Preview Assets.xcassets in Resources */,
				A2BA8E36242B560000B0902A /* Assets.xcassets in Resources */,
			);
			runOnlyForDeploymentPostprocessing = 0;
		};
		A2BA8E40242B560000B0902A /* Resources */ = {
			isa = PBXResourcesBuildPhase;
			buildActionMask = 2147483647;
			files = (
			);
			runOnlyForDeploymentPostprocessing = 0;
		};
		A2BA8E4B242B560000B0902A /* Resources */ = {
			isa = PBXResourcesBuildPhase;
			buildActionMask = 2147483647;
			files = (
			);
			runOnlyForDeploymentPostprocessing = 0;
		};
/* End PBXResourcesBuildPhase section */

/* Begin PBXSourcesBuildPhase section */
		A2BA8E28242B55FC00B0902A /* Sources */ = {
			isa = PBXSourcesBuildPhase;
			buildActionMask = 2147483647;
			files = (
				A277D654242D01FD00FEFFA6 /* CalculatorButtonsRow.swift in Sources */,
				A277D64E242D01B100FEFFA6 /* CalculatorView.swift in Sources */,
				A2BA8E30242B55FC00B0902A /* AppDelegate.swift in Sources */,
				A277D656242D021500FEFFA6 /* CalculatorButtonModel.swift in Sources */,
				A277D64C242D018900FEFFA6 /* CalculatorViewModel.swift in Sources */,
				A2BA8E32242B55FC00B0902A /* SceneDelegate.swift in Sources */,
				A277D658242D0EDC00FEFFA6 /* Extensions.swift in Sources */,
			);
			runOnlyForDeploymentPostprocessing = 0;
		};
		A2BA8E3E242B560000B0902A /* Sources */ = {
			isa = PBXSourcesBuildPhase;
			buildActionMask = 2147483647;
			files = (
				A2BA8E47242B560000B0902A /* CalculatorTests.swift in Sources */,
			);
			runOnlyForDeploymentPostprocessing = 0;
		};
		A2BA8E49242B560000B0902A /* Sources */ = {
			isa = PBXSourcesBuildPhase;
			buildActionMask = 2147483647;
			files = (
				A2BA8E52242B560000B0902A /* CalculatorUITests.swift in Sources */,
			);
			runOnlyForDeploymentPostprocessing = 0;
		};
/* End PBXSourcesBuildPhase section */

/* Begin PBXTargetDependency section */
		A2BA8E44242B560000B0902A /* PBXTargetDependency */ = {
			isa = PBXTargetDependency;
			target = A2BA8E2B242B55FC00B0902A /* Calculator */;
			targetProxy = A2BA8E43242B560000B0902A /* PBXContainerItemProxy */;
		};
		A2BA8E4F242B560000B0902A /* PBXTargetDependency */ = {
			isa = PBXTargetDependency;
			target = A2BA8E2B242B55FC00B0902A /* Calculator */;
			targetProxy = A2BA8E4E242B560000B0902A /* PBXContainerItemProxy */;
		};
/* End PBXTargetDependency section */

/* Begin PBXVariantGroup section */
		A2BA8E3A242B560000B0902A /* LaunchScreen.storyboard */ = {
			isa = PBXVariantGroup;
			children = (
				A2BA8E3B242B560000B0902A /* Base */,
			);
			name = LaunchScreen.storyboard;
			sourceTree = "<group>";
		};
/* End PBXVariantGroup section */

/* Begin XCBuildConfiguration section */
		A2BA8E54242B560000B0902A /* Debug */ = {
			isa = XCBuildConfiguration;
			buildSettings = {
				ALWAYS_SEARCH_USER_PATHS = NO;
				CLANG_ANALYZER_NONNULL = YES;
				CLANG_ANALYZER_NUMBER_OBJECT_CONVERSION = YES_AGGRESSIVE;
				CLANG_CXX_LANGUAGE_STANDARD = "gnu++14";
				CLANG_CXX_LIBRARY = "libc++";
				CLANG_ENABLE_MODULES = YES;
				CLANG_ENABLE_OBJC_ARC = YES;
				CLANG_ENABLE_OBJC_WEAK = YES;
				CLANG_WARN_BLOCK_CAPTURE_AUTORELEASING = YES;
				CLANG_WARN_BOOL_CONVERSION = YES;
				CLANG_WARN_COMMA = YES;
				CLANG_WARN_CONSTANT_CONVERSION = YES;
				CLANG_WARN_DEPRECATED_OBJC_IMPLEMENTATIONS = YES;
				CLANG_WARN_DIRECT_OBJC_ISA_USAGE = YES_ERROR;
				CLANG_WARN_DOCUMENTATION_COMMENTS = YES;
				CLANG_WARN_EMPTY_BODY = YES;
				CLANG_WARN_ENUM_CONVERSION = YES;
				CLANG_WARN_INFINITE_RECURSION = YES;
				CLANG_WARN_INT_CONVERSION = YES;
				CLANG_WARN_NON_LITERAL_NULL_CONVERSION = YES;
				CLANG_WARN_OBJC_IMPLICIT_RETAIN_SELF = YES;
				CLANG_WARN_OBJC_LITERAL_CONVERSION = YES;
				CLANG_WARN_OBJC_ROOT_CLASS = YES_ERROR;
				CLANG_WARN_RANGE_LOOP_ANALYSIS = YES;
				CLANG_WARN_STRICT_PROTOTYPES = YES;
				CLANG_WARN_SUSPICIOUS_MOVE = YES;
				CLANG_WARN_UNGUARDED_AVAILABILITY = YES_AGGRESSIVE;
				CLANG_WARN_UNREACHABLE_CODE = YES;
				CLANG_WARN__DUPLICATE_METHOD_MATCH = YES;
				COPY_PHASE_STRIP = NO;
				DEBUG_INFORMATION_FORMAT = dwarf;
				ENABLE_STRICT_OBJC_MSGSEND = YES;
				ENABLE_TESTABILITY = YES;
				GCC_C_LANGUAGE_STANDARD = gnu11;
				GCC_DYNAMIC_NO_PIC = NO;
				GCC_NO_COMMON_BLOCKS = YES;
				GCC_OPTIMIZATION_LEVEL = 0;
				GCC_PREPROCESSOR_DEFINITIONS = (
					"DEBUG=1",
					"$(inherited)",
				);
				GCC_WARN_64_TO_32_BIT_CONVERSION = YES;
				GCC_WARN_ABOUT_RETURN_TYPE = YES_ERROR;
				GCC_WARN_UNDECLARED_SELECTOR = YES;
				GCC_WARN_UNINITIALIZED_AUTOS = YES_AGGRESSIVE;
				GCC_WARN_UNUSED_FUNCTION = YES;
				GCC_WARN_UNUSED_VARIABLE = YES;
				IPHONEOS_DEPLOYMENT_TARGET = 13.2;
				MTL_ENABLE_DEBUG_INFO = INCLUDE_SOURCE;
				MTL_FAST_MATH = YES;
				ONLY_ACTIVE_ARCH = YES;
				SDKROOT = iphoneos;
				SWIFT_ACTIVE_COMPILATION_CONDITIONS = DEBUG;
				SWIFT_OPTIMIZATION_LEVEL = "-Onone";
			};
			name = Debug;
		};
		A2BA8E55242B560000B0902A /* Release */ = {
			isa = XCBuildConfiguration;
			buildSettings = {
				ALWAYS_SEARCH_USER_PATHS = NO;
				CLANG_ANALYZER_NONNULL = YES;
				CLANG_ANALYZER_NUMBER_OBJECT_CONVERSION = YES_AGGRESSIVE;
				CLANG_CXX_LANGUAGE_STANDARD = "gnu++14";
				CLANG_CXX_LIBRARY = "libc++";
				CLANG_ENABLE_MODULES = YES;
				CLANG_ENABLE_OBJC_ARC = YES;
				CLANG_ENABLE_OBJC_WEAK = YES;
				CLANG_WARN_BLOCK_CAPTURE_AUTORELEASING = YES;
				CLANG_WARN_BOOL_CONVERSION = YES;
				CLANG_WARN_COMMA = YES;
				CLANG_WARN_CONSTANT_CONVERSION = YES;
				CLANG_WARN_DEPRECATED_OBJC_IMPLEMENTATIONS = YES;
				CLANG_WARN_DIRECT_OBJC_ISA_USAGE = YES_ERROR;
				CLANG_WARN_DOCUMENTATION_COMMENTS = YES;
				CLANG_WARN_EMPTY_BODY = YES;
				CLANG_WARN_ENUM_CONVERSION = YES;
				CLANG_WARN_INFINITE_RECURSION = YES;
				CLANG_WARN_INT_CONVERSION = YES;
				CLANG_WARN_NON_LITERAL_NULL_CONVERSION = YES;
				CLANG_WARN_OBJC_IMPLICIT_RETAIN_SELF = YES;
				CLANG_WARN_OBJC_LITERAL_CONVERSION = YES;
				CLANG_WARN_OBJC_ROOT_CLASS = YES_ERROR;
				CLANG_WARN_RANGE_LOOP_ANALYSIS = YES;
				CLANG_WARN_STRICT_PROTOTYPES = YES;
				CLANG_WARN_SUSPICIOUS_MOVE = YES;
				CLANG_WARN_UNGUARDED_AVAILABILITY = YES_AGGRESSIVE;
				CLANG_WARN_UNREACHABLE_CODE = YES;
				CLANG_WARN__DUPLICATE_METHOD_MATCH = YES;
				COPY_PHASE_STRIP = NO;
				DEBUG_INFORMATION_FORMAT = "dwarf-with-dsym";
				ENABLE_NS_ASSERTIONS = NO;
				ENABLE_STRICT_OBJC_MSGSEND = YES;
				GCC_C_LANGUAGE_STANDARD = gnu11;
				GCC_NO_COMMON_BLOCKS = YES;
				GCC_WARN_64_TO_32_BIT_CONVERSION = YES;
				GCC_WARN_ABOUT_RETURN_TYPE = YES_ERROR;
				GCC_WARN_UNDECLARED_SELECTOR = YES;
				GCC_WARN_UNINITIALIZED_AUTOS = YES_AGGRESSIVE;
				GCC_WARN_UNUSED_FUNCTION = YES;
				GCC_WARN_UNUSED_VARIABLE = YES;
				IPHONEOS_DEPLOYMENT_TARGET = 13.2;
				MTL_ENABLE_DEBUG_INFO = NO;
				MTL_FAST_MATH = YES;
				SDKROOT = iphoneos;
				SWIFT_COMPILATION_MODE = wholemodule;
				SWIFT_OPTIMIZATION_LEVEL = "-O";
				VALIDATE_PRODUCT = YES;
			};
			name = Release;
		};
		A2BA8E57242B560000B0902A /* Debug */ = {
			isa = XCBuildConfiguration;
			buildSettings = {
				ASSETCATALOG_COMPILER_APPICON_NAME = AppIcon;
				CODE_SIGN_STYLE = Automatic;
				DEVELOPMENT_ASSET_PATHS = "\"Calculator/Preview Content\"";
				DEVELOPMENT_TEAM = 946NQ7ZBS2;
				ENABLE_PREVIEWS = YES;
				INFOPLIST_FILE = Calculator/Info.plist;
				LD_RUNPATH_SEARCH_PATHS = (
					"$(inherited)",
					"@executable_path/Frameworks",
				);
				PRODUCT_BUNDLE_IDENTIFIER = jemzza.Calculator;
				PRODUCT_NAME = "$(TARGET_NAME)";
				SWIFT_VERSION = 5.0;
				TARGETED_DEVICE_FAMILY = "1,2";
			};
			name = Debug;
		};
		A2BA8E58242B560000B0902A /* Release */ = {
			isa = XCBuildConfiguration;
			buildSettings = {
				ASSETCATALOG_COMPILER_APPICON_NAME = AppIcon;
				CODE_SIGN_STYLE = Automatic;
				DEVELOPMENT_ASSET_PATHS = "\"Calculator/Preview Content\"";
				DEVELOPMENT_TEAM = 946NQ7ZBS2;
				ENABLE_PREVIEWS = YES;
				INFOPLIST_FILE = Calculator/Info.plist;
				LD_RUNPATH_SEARCH_PATHS = (
					"$(inherited)",
					"@executable_path/Frameworks",
				);
				PRODUCT_BUNDLE_IDENTIFIER = jemzza.Calculator;
				PRODUCT_NAME = "$(TARGET_NAME)";
				SWIFT_VERSION = 5.0;
				TARGETED_DEVICE_FAMILY = "1,2";
			};
			name = Release;
		};
		A2BA8E5A242B560000B0902A /* Debug */ = {
			isa = XCBuildConfiguration;
			buildSettings = {
				ALWAYS_EMBED_SWIFT_STANDARD_LIBRARIES = YES;
				BUNDLE_LOADER = "$(TEST_HOST)";
				CODE_SIGN_STYLE = Automatic;
				DEVELOPMENT_TEAM = 946NQ7ZBS2;
				INFOPLIST_FILE = CalculatorTests/Info.plist;
				IPHONEOS_DEPLOYMENT_TARGET = 13.2;
				LD_RUNPATH_SEARCH_PATHS = (
					"$(inherited)",
					"@executable_path/Frameworks",
					"@loader_path/Frameworks",
				);
				PRODUCT_BUNDLE_IDENTIFIER = jemzza.CalculatorTests;
				PRODUCT_NAME = "$(TARGET_NAME)";
				SWIFT_VERSION = 5.0;
				TARGETED_DEVICE_FAMILY = "1,2";
				TEST_HOST = "$(BUILT_PRODUCTS_DIR)/Calculator.app/Calculator";
			};
			name = Debug;
		};
		A2BA8E5B242B560000B0902A /* Release */ = {
			isa = XCBuildConfiguration;
			buildSettings = {
				ALWAYS_EMBED_SWIFT_STANDARD_LIBRARIES = YES;
				BUNDLE_LOADER = "$(TEST_HOST)";
				CODE_SIGN_STYLE = Automatic;
				DEVELOPMENT_TEAM = 946NQ7ZBS2;
				INFOPLIST_FILE = CalculatorTests/Info.plist;
				IPHONEOS_DEPLOYMENT_TARGET = 13.2;
				LD_RUNPATH_SEARCH_PATHS = (
					"$(inherited)",
					"@executable_path/Frameworks",
					"@loader_path/Frameworks",
				);
				PRODUCT_BUNDLE_IDENTIFIER = jemzza.CalculatorTests;
				PRODUCT_NAME = "$(TARGET_NAME)";
				SWIFT_VERSION = 5.0;
				TARGETED_DEVICE_FAMILY = "1,2";
				TEST_HOST = "$(BUILT_PRODUCTS_DIR)/Calculator.app/Calculator";
			};
			name = Release;
		};
		A2BA8E5D242B560000B0902A /* Debug */ = {
			isa = XCBuildConfiguration;
			buildSettings = {
				ALWAYS_EMBED_SWIFT_STANDARD_LIBRARIES = YES;
				CODE_SIGN_STYLE = Automatic;
				DEVELOPMENT_TEAM = 946NQ7ZBS2;
				INFOPLIST_FILE = CalculatorUITests/Info.plist;
				LD_RUNPATH_SEARCH_PATHS = (
					"$(inherited)",
					"@executable_path/Frameworks",
					"@loader_path/Frameworks",
				);
				PRODUCT_BUNDLE_IDENTIFIER = jemzza.CalculatorUITests;
				PRODUCT_NAME = "$(TARGET_NAME)";
				SWIFT_VERSION = 5.0;
				TARGETED_DEVICE_FAMILY = "1,2";
				TEST_TARGET_NAME = Calculator;
			};
			name = Debug;
		};
		A2BA8E5E242B560000B0902A /* Release */ = {
			isa = XCBuildConfiguration;
			buildSettings = {
				ALWAYS_EMBED_SWIFT_STANDARD_LIBRARIES = YES;
				CODE_SIGN_STYLE = Automatic;
				DEVELOPMENT_TEAM = 946NQ7ZBS2;
				INFOPLIST_FILE = CalculatorUITests/Info.plist;
				LD_RUNPATH_SEARCH_PATHS = (
					"$(inherited)",
					"@executable_path/Frameworks",
					"@loader_path/Frameworks",
				);
				PRODUCT_BUNDLE_IDENTIFIER = jemzza.CalculatorUITests;
				PRODUCT_NAME = "$(TARGET_NAME)";
				SWIFT_VERSION = 5.0;
				TARGETED_DEVICE_FAMILY = "1,2";
				TEST_TARGET_NAME = Calculator;
			};
			name = Release;
		};
/* End XCBuildConfiguration section */

/* Begin XCConfigurationList section */
		A2BA8E27242B55FC00B0902A /* Build configuration list for PBXProject "Calculator" */ = {
			isa = XCConfigurationList;
			buildConfigurations = (
				A2BA8E54242B560000B0902A /* Debug */,
				A2BA8E55242B560000B0902A /* Release */,
			);
			defaultConfigurationIsVisible = 0;
			defaultConfigurationName = Release;
		};
		A2BA8E56242B560000B0902A /* Build configuration list for PBXNativeTarget "Calculator" */ = {
			isa = XCConfigurationList;
			buildConfigurations = (
				A2BA8E57242B560000B0902A /* Debug */,
				A2BA8E58242B560000B0902A /* Release */,
			);
			defaultConfigurationIsVisible = 0;
			defaultConfigurationName = Release;
		};
		A2BA8E59242B560000B0902A /* Build configuration list for PBXNativeTarget "CalculatorTests" */ = {
			isa = XCConfigurationList;
			buildConfigurations = (
				A2BA8E5A242B560000B0902A /* Debug */,
				A2BA8E5B242B560000B0902A /* Release */,
			);
			defaultConfigurationIsVisible = 0;
			defaultConfigurationName = Release;
		};
		A2BA8E5C242B560000B0902A /* Build configuration list for PBXNativeTarget "CalculatorUITests" */ = {
			isa = XCConfigurationList;
			buildConfigurations = (
				A2BA8E5D242B560000B0902A /* Debug */,
				A2BA8E5E242B560000B0902A /* Release */,
			);
			defaultConfigurationIsVisible = 0;
			defaultConfigurationName = Release;
		};
/* End XCConfigurationList section */

/* Begin XCRemoteSwiftPackageReference section */
		A277D65C242D130B00FEFFA6 /* XCRemoteSwiftPackageReference "ViewInspector" */ = {
			isa = XCRemoteSwiftPackageReference;
			repositoryURL = "https://github.com/nalexn/ViewInspector";
			requirement = {
				kind = upToNextMajorVersion;
				minimumVersion = 0.3.9;
			};
		};
/* End XCRemoteSwiftPackageReference section */

/* Begin XCSwiftPackageProductDependency section */
		A277D65D242D130B00FEFFA6 /* ViewInspector */ = {
			isa = XCSwiftPackageProductDependency;
			package = A277D65C242D130B00FEFFA6 /* XCRemoteSwiftPackageReference "ViewInspector" */;
			productName = ViewInspector;
		};
/* End XCSwiftPackageProductDependency section */
	};
	rootObject = A2BA8E24242B55FC00B0902A /* Project object */;
}
